// !$*UTF8*$!
{
	archiveVersion = 1;
	classes = {
	};
	objectVersion = 55;
	objects = {

/* Begin PBXBuildFile section */
		4997856A27D878D5003ACEEA /* NewTestPopUp.swift in Sources */ = {isa = PBXBuildFile; fileRef = 4997856927D878D5003ACEEA /* NewTestPopUp.swift */; };
		4997856B27D878D5003ACEEA /* NewTestPopUp.swift in Sources */ = {isa = PBXBuildFile; fileRef = 4997856927D878D5003ACEEA /* NewTestPopUp.swift */; };
		4997856E27D87BE3003ACEEA /* TestCell.swift in Sources */ = {isa = PBXBuildFile; fileRef = 4997856D27D87BE3003ACEEA /* TestCell.swift */; };
		4997856F27D87BE3003ACEEA /* TestCell.swift in Sources */ = {isa = PBXBuildFile; fileRef = 4997856D27D87BE3003ACEEA /* TestCell.swift */; };
		49A8F8C427D5D4AB00907E87 /* ComputerScienceQuizApp.swift in Sources */ = {isa = PBXBuildFile; fileRef = 49A8F8B427D5D4A900907E87 /* ComputerScienceQuizApp.swift */; };
		49A8F8C527D5D4AB00907E87 /* ComputerScienceQuizApp.swift in Sources */ = {isa = PBXBuildFile; fileRef = 49A8F8B427D5D4A900907E87 /* ComputerScienceQuizApp.swift */; };
		49A8F8C627D5D4AB00907E87 /* ContentView.swift in Sources */ = {isa = PBXBuildFile; fileRef = 49A8F8B527D5D4A900907E87 /* ContentView.swift */; };
		49A8F8C727D5D4AB00907E87 /* ContentView.swift in Sources */ = {isa = PBXBuildFile; fileRef = 49A8F8B527D5D4A900907E87 /* ContentView.swift */; };
		49A8F8C827D5D4AB00907E87 /* Assets.xcassets in Resources */ = {isa = PBXBuildFile; fileRef = 49A8F8B627D5D4AB00907E87 /* Assets.xcassets */; };
		49A8F8C927D5D4AB00907E87 /* Assets.xcassets in Resources */ = {isa = PBXBuildFile; fileRef = 49A8F8B627D5D4AB00907E87 /* Assets.xcassets */; };
		49A8F8D627D5D5F800907E87 /* Question.swift in Sources */ = {isa = PBXBuildFile; fileRef = 49A8F8D527D5D5F800907E87 /* Question.swift */; };
		49A8F8D827D5D65600907E87 /* DifficultyEnum.swift in Sources */ = {isa = PBXBuildFile; fileRef = 49A8F8D727D5D65600907E87 /* DifficultyEnum.swift */; };
		49A8F8DA27D5D73F00907E87 /* Test.swift in Sources */ = {isa = PBXBuildFile; fileRef = 49A8F8D927D5D73F00907E87 /* Test.swift */; };
		49A8F8DC27D5D84300907E87 /* AnsweredQuestions.swift in Sources */ = {isa = PBXBuildFile; fileRef = 49A8F8DB27D5D84300907E87 /* AnsweredQuestions.swift */; };
		49A8F8DE27D5DBD800907E87 /* QuestionProviderVM.swift in Sources */ = {isa = PBXBuildFile; fileRef = 49A8F8DD27D5DBD800907E87 /* QuestionProviderVM.swift */; };
		49A8F8E027D5DBE300907E87 /* TestRecorderVM.swift in Sources */ = {isa = PBXBuildFile; fileRef = 49A8F8DF27D5DBE300907E87 /* TestRecorderVM.swift */; };
		49A8F8E827D6691700907E87 /* Response.swift in Sources */ = {isa = PBXBuildFile; fileRef = 49A8F8E727D6691700907E87 /* Response.swift */; };
		49A8F8E927D66B6A00907E87 /* QuestionProviderVM.swift in Sources */ = {isa = PBXBuildFile; fileRef = 49A8F8DD27D5DBD800907E87 /* QuestionProviderVM.swift */; };
		49A8F8EA27D66B6D00907E87 /* TestRecorderVM.swift in Sources */ = {isa = PBXBuildFile; fileRef = 49A8F8DF27D5DBE300907E87 /* TestRecorderVM.swift */; };
		49A8F8EB27D66B6F00907E87 /* Question.swift in Sources */ = {isa = PBXBuildFile; fileRef = 49A8F8D527D5D5F800907E87 /* Question.swift */; };
		49A8F8EC27D66B7100907E87 /* Response.swift in Sources */ = {isa = PBXBuildFile; fileRef = 49A8F8E727D6691700907E87 /* Response.swift */; };
		49A8F8ED27D66B7400907E87 /* AnsweredQuestions.swift in Sources */ = {isa = PBXBuildFile; fileRef = 49A8F8DB27D5D84300907E87 /* AnsweredQuestions.swift */; };
		49A8F8EE27D66B7500907E87 /* DifficultyEnum.swift in Sources */ = {isa = PBXBuildFile; fileRef = 49A8F8D727D5D65600907E87 /* DifficultyEnum.swift */; };
		49A8F8EF27D66B7700907E87 /* Test.swift in Sources */ = {isa = PBXBuildFile; fileRef = 49A8F8D927D5D73F00907E87 /* Test.swift */; };
		49DF703A27D7DFF000488157 /* SharedFunctionsAndConstants.swift in Sources */ = {isa = PBXBuildFile; fileRef = 49DF703927D7DFF000488157 /* SharedFunctionsAndConstants.swift */; };
		49DF703B27D7DFF000488157 /* SharedFunctionsAndConstants.swift in Sources */ = {isa = PBXBuildFile; fileRef = 49DF703927D7DFF000488157 /* SharedFunctionsAndConstants.swift */; };
/* End PBXBuildFile section */

/* Begin PBXFileReference section */
		4997856927D878D5003ACEEA /* NewTestPopUp.swift */ = {isa = PBXFileReference; lastKnownFileType = sourcecode.swift; path = NewTestPopUp.swift; sourceTree = "<group>"; };
		4997856D27D87BE3003ACEEA /* TestCell.swift */ = {isa = PBXFileReference; lastKnownFileType = sourcecode.swift; path = TestCell.swift; sourceTree = "<group>"; };
		49A8F8B427D5D4A900907E87 /* ComputerScienceQuizApp.swift */ = {isa = PBXFileReference; lastKnownFileType = sourcecode.swift; path = ComputerScienceQuizApp.swift; sourceTree = "<group>"; };
		49A8F8B527D5D4A900907E87 /* ContentView.swift */ = {isa = PBXFileReference; lastKnownFileType = sourcecode.swift; path = ContentView.swift; sourceTree = "<group>"; };
		49A8F8B627D5D4AB00907E87 /* Assets.xcassets */ = {isa = PBXFileReference; lastKnownFileType = folder.assetcatalog; path = Assets.xcassets; sourceTree = "<group>"; };
		49A8F8BB27D5D4AB00907E87 /* ComputerScienceQuiz.app */ = {isa = PBXFileReference; explicitFileType = wrapper.application; includeInIndex = 0; path = ComputerScienceQuiz.app; sourceTree = BUILT_PRODUCTS_DIR; };
		49A8F8C127D5D4AB00907E87 /* ComputerScienceQuiz.app */ = {isa = PBXFileReference; explicitFileType = wrapper.application; includeInIndex = 0; path = ComputerScienceQuiz.app; sourceTree = BUILT_PRODUCTS_DIR; };
		49A8F8C327D5D4AB00907E87 /* macOS.entitlements */ = {isa = PBXFileReference; lastKnownFileType = text.plist.entitlements; path = macOS.entitlements; sourceTree = "<group>"; };
		49A8F8D527D5D5F800907E87 /* Question.swift */ = {isa = PBXFileReference; lastKnownFileType = sourcecode.swift; path = Question.swift; sourceTree = "<group>"; };
		49A8F8D727D5D65600907E87 /* DifficultyEnum.swift */ = {isa = PBXFileReference; lastKnownFileType = sourcecode.swift; path = DifficultyEnum.swift; sourceTree = "<group>"; };
		49A8F8D927D5D73F00907E87 /* Test.swift */ = {isa = PBXFileReference; lastKnownFileType = sourcecode.swift; path = Test.swift; sourceTree = "<group>"; };
		49A8F8DB27D5D84300907E87 /* AnsweredQuestions.swift */ = {isa = PBXFileReference; lastKnownFileType = sourcecode.swift; path = AnsweredQuestions.swift; sourceTree = "<group>"; };
		49A8F8DD27D5DBD800907E87 /* QuestionProviderVM.swift */ = {isa = PBXFileReference; lastKnownFileType = sourcecode.swift; path = QuestionProviderVM.swift; sourceTree = "<group>"; };
		49A8F8DF27D5DBE300907E87 /* TestRecorderVM.swift */ = {isa = PBXFileReference; lastKnownFileType = sourcecode.swift; path = TestRecorderVM.swift; sourceTree = "<group>"; };
		49A8F8E727D6691700907E87 /* Response.swift */ = {isa = PBXFileReference; lastKnownFileType = sourcecode.swift; path = Response.swift; sourceTree = "<group>"; };
		49DF703927D7DFF000488157 /* SharedFunctionsAndConstants.swift */ = {isa = PBXFileReference; lastKnownFileType = sourcecode.swift; path = SharedFunctionsAndConstants.swift; sourceTree = "<group>"; };
/* End PBXFileReference section */

/* Begin PBXFrameworksBuildPhase section */
		49A8F8B827D5D4AB00907E87 /* Frameworks */ = {
			isa = PBXFrameworksBuildPhase;
			buildActionMask = 2147483647;
			files = (
			);
			runOnlyForDeploymentPostprocessing = 0;
		};
		49A8F8BE27D5D4AB00907E87 /* Frameworks */ = {
			isa = PBXFrameworksBuildPhase;
			buildActionMask = 2147483647;
			files = (
			);
			runOnlyForDeploymentPostprocessing = 0;
		};
/* End PBXFrameworksBuildPhase section */

/* Begin PBXGroup section */
		4997856C27D87BD2003ACEEA /* Components */ = {
			isa = PBXGroup;
			children = (
				4997856D27D87BE3003ACEEA /* TestCell.swift */,
			);
			path = Components;
			sourceTree = "<group>";
		};
		49A8F8AE27D5D4A900907E87 = {
			isa = PBXGroup;
			children = (
				49A8F8B327D5D4A900907E87 /* Shared */,
				49A8F8C227D5D4AB00907E87 /* macOS */,
				49A8F8BC27D5D4AB00907E87 /* Products */,
			);
			sourceTree = "<group>";
		};
		49A8F8B327D5D4A900907E87 /* Shared */ = {
			isa = PBXGroup;
			children = (
				49A8F8B427D5D4A900907E87 /* ComputerScienceQuizApp.swift */,
				49A8F8E127D5DC2F00907E87 /* Helpers */,
				49A8F8D427D5D4BF00907E87 /* View */,
				49A8F8D327D5D4B700907E87 /* ViewModel */,
				49A8F8D227D5D4B200907E87 /* Model */,
				49A8F8B627D5D4AB00907E87 /* Assets.xcassets */,
			);
			path = Shared;
			sourceTree = "<group>";
		};
		49A8F8BC27D5D4AB00907E87 /* Products */ = {
			isa = PBXGroup;
			children = (
				49A8F8BB27D5D4AB00907E87 /* ComputerScienceQuiz.app */,
				49A8F8C127D5D4AB00907E87 /* ComputerScienceQuiz.app */,
			);
			name = Products;
			sourceTree = "<group>";
		};
		49A8F8C227D5D4AB00907E87 /* macOS */ = {
			isa = PBXGroup;
			children = (
				49A8F8C327D5D4AB00907E87 /* macOS.entitlements */,
			);
			path = macOS;
			sourceTree = "<group>";
		};
		49A8F8D227D5D4B200907E87 /* Model */ = {
			isa = PBXGroup;
			children = (
				49A8F8D527D5D5F800907E87 /* Question.swift */,
				49A8F8E727D6691700907E87 /* Response.swift */,
				49A8F8DB27D5D84300907E87 /* AnsweredQuestions.swift */,
				49A8F8D727D5D65600907E87 /* DifficultyEnum.swift */,
				49A8F8D927D5D73F00907E87 /* Test.swift */,
			);
			path = Model;
			sourceTree = "<group>";
		};
		49A8F8D327D5D4B700907E87 /* ViewModel */ = {
			isa = PBXGroup;
			children = (
				49A8F8DD27D5DBD800907E87 /* QuestionProviderVM.swift */,
				49A8F8DF27D5DBE300907E87 /* TestRecorderVM.swift */,
			);
			path = ViewModel;
			sourceTree = "<group>";
		};
		49A8F8D427D5D4BF00907E87 /* View */ = {
			isa = PBXGroup;
			children = (
				4997856C27D87BD2003ACEEA /* Components */,
				49A8F8B527D5D4A900907E87 /* ContentView.swift */,
				4997856927D878D5003ACEEA /* NewTestPopUp.swift */,
			);
			path = View;
			sourceTree = "<group>";
		};
		49A8F8E127D5DC2F00907E87 /* Helpers */ = {
			isa = PBXGroup;
			children = (
				49DF703927D7DFF000488157 /* SharedFunctionsAndConstants.swift */,
			);
			path = Helpers;
			sourceTree = "<group>";
		};
/* End PBXGroup section */

/* Begin PBXNativeTarget section */
		49A8F8BA27D5D4AB00907E87 /* ComputerScienceQuiz (iOS) */ = {
			isa = PBXNativeTarget;
			buildConfigurationList = 49A8F8CC27D5D4AB00907E87 /* Build configuration list for PBXNativeTarget "ComputerScienceQuiz (iOS)" */;
			buildPhases = (
				49A8F8B727D5D4AB00907E87 /* Sources */,
				49A8F8B827D5D4AB00907E87 /* Frameworks */,
				49A8F8B927D5D4AB00907E87 /* Resources */,
			);
			buildRules = (
			);
			dependencies = (
			);
			name = "ComputerScienceQuiz (iOS)";
			productName = "ComputerScienceQuiz (iOS)";
			productReference = 49A8F8BB27D5D4AB00907E87 /* ComputerScienceQuiz.app */;
			productType = "com.apple.product-type.application";
		};
		49A8F8C027D5D4AB00907E87 /* ComputerScienceQuiz (macOS) */ = {
			isa = PBXNativeTarget;
			buildConfigurationList = 49A8F8CF27D5D4AB00907E87 /* Build configuration list for PBXNativeTarget "ComputerScienceQuiz (macOS)" */;
			buildPhases = (
				49A8F8BD27D5D4AB00907E87 /* Sources */,
				49A8F8BE27D5D4AB00907E87 /* Frameworks */,
				49A8F8BF27D5D4AB00907E87 /* Resources */,
			);
			buildRules = (
			);
			dependencies = (
			);
			name = "ComputerScienceQuiz (macOS)";
			productName = "ComputerScienceQuiz (macOS)";
			productReference = 49A8F8C127D5D4AB00907E87 /* ComputerScienceQuiz.app */;
			productType = "com.apple.product-type.application";
		};
/* End PBXNativeTarget section */

/* Begin PBXProject section */
		49A8F8AF27D5D4A900907E87 /* Project object */ = {
			isa = PBXProject;
			attributes = {
				BuildIndependentTargetsInParallel = 1;
				LastSwiftUpdateCheck = 1320;
				LastUpgradeCheck = 1320;
				TargetAttributes = {
					49A8F8BA27D5D4AB00907E87 = {
						CreatedOnToolsVersion = 13.2.1;
					};
					49A8F8C027D5D4AB00907E87 = {
						CreatedOnToolsVersion = 13.2.1;
					};
				};
			};
			buildConfigurationList = 49A8F8B227D5D4A900907E87 /* Build configuration list for PBXProject "ComputerScienceQuiz" */;
			compatibilityVersion = "Xcode 13.0";
			developmentRegion = en;
			hasScannedForEncodings = 0;
			knownRegions = (
				en,
				Base,
			);
			mainGroup = 49A8F8AE27D5D4A900907E87;
			productRefGroup = 49A8F8BC27D5D4AB00907E87 /* Products */;
			projectDirPath = "";
			projectRoot = "";
			targets = (
				49A8F8BA27D5D4AB00907E87 /* ComputerScienceQuiz (iOS) */,
				49A8F8C027D5D4AB00907E87 /* ComputerScienceQuiz (macOS) */,
			);
		};
/* End PBXProject section */

/* Begin PBXResourcesBuildPhase section */
		49A8F8B927D5D4AB00907E87 /* Resources */ = {
			isa = PBXResourcesBuildPhase;
			buildActionMask = 2147483647;
			files = (
				49A8F8C827D5D4AB00907E87 /* Assets.xcassets in Resources */,
			);
			runOnlyForDeploymentPostprocessing = 0;
		};
		49A8F8BF27D5D4AB00907E87 /* Resources */ = {
			isa = PBXResourcesBuildPhase;
			buildActionMask = 2147483647;
			files = (
				49A8F8C927D5D4AB00907E87 /* Assets.xcassets in Resources */,
			);
			runOnlyForDeploymentPostprocessing = 0;
		};
/* End PBXResourcesBuildPhase section */

/* Begin PBXSourcesBuildPhase section */
		49A8F8B727D5D4AB00907E87 /* Sources */ = {
			isa = PBXSourcesBuildPhase;
			buildActionMask = 2147483647;
			files = (
				49A8F8E027D5DBE300907E87 /* TestRecorderVM.swift in Sources */,
				4997856E27D87BE3003ACEEA /* TestCell.swift in Sources */,
				49A8F8D627D5D5F800907E87 /* Question.swift in Sources */,
				49A8F8DE27D5DBD800907E87 /* QuestionProviderVM.swift in Sources */,
				49DF703A27D7DFF000488157 /* SharedFunctionsAndConstants.swift in Sources */,
				49A8F8C627D5D4AB00907E87 /* ContentView.swift in Sources */,
				4997856A27D878D5003ACEEA /* NewTestPopUp.swift in Sources */,
				49A8F8E827D6691700907E87 /* Response.swift in Sources */,
				49A8F8DA27D5D73F00907E87 /* Test.swift in Sources */,
				49A8F8C427D5D4AB00907E87 /* ComputerScienceQuizApp.swift in Sources */,
				49A8F8DC27D5D84300907E87 /* AnsweredQuestions.swift in Sources */,
				49A8F8D827D5D65600907E87 /* DifficultyEnum.swift in Sources */,
			);
			runOnlyForDeploymentPostprocessing = 0;
		};
		49A8F8BD27D5D4AB00907E87 /* Sources */ = {
			isa = PBXSourcesBuildPhase;
			buildActionMask = 2147483647;
			files = (
				49A8F8EB27D66B6F00907E87 /* Question.swift in Sources */,
				4997856F27D87BE3003ACEEA /* TestCell.swift in Sources */,
				49A8F8EA27D66B6D00907E87 /* TestRecorderVM.swift in Sources */,
				49A8F8EF27D66B7700907E87 /* Test.swift in Sources */,
				49DF703B27D7DFF000488157 /* SharedFunctionsAndConstants.swift in Sources */,
				49A8F8C727D5D4AB00907E87 /* ContentView.swift in Sources */,
				4997856B27D878D5003ACEEA /* NewTestPopUp.swift in Sources */,
				49A8F8E927D66B6A00907E87 /* QuestionProviderVM.swift in Sources */,
				49A8F8EC27D66B7100907E87 /* Response.swift in Sources */,
				49A8F8C527D5D4AB00907E87 /* ComputerScienceQuizApp.swift in Sources */,
				49A8F8ED27D66B7400907E87 /* AnsweredQuestions.swift in Sources */,
				49A8F8EE27D66B7500907E87 /* DifficultyEnum.swift in Sources */,
			);
			runOnlyForDeploymentPostprocessing = 0;
		};
/* End PBXSourcesBuildPhase section */

/* Begin XCBuildConfiguration section */
		49A8F8CA27D5D4AB00907E87 /* Debug */ = {
			isa = XCBuildConfiguration;
			buildSettings = {
				ALWAYS_SEARCH_USER_PATHS = NO;
				CLANG_ANALYZER_NONNULL = YES;
				CLANG_ANALYZER_NUMBER_OBJECT_CONVERSION = YES_AGGRESSIVE;
				CLANG_CXX_LANGUAGE_STANDARD = "gnu++17";
				CLANG_CXX_LIBRARY = "libc++";
				CLANG_ENABLE_MODULES = YES;
				CLANG_ENABLE_OBJC_ARC = YES;
				CLANG_ENABLE_OBJC_WEAK = YES;
				CLANG_WARN_BLOCK_CAPTURE_AUTORELEASING = YES;
				CLANG_WARN_BOOL_CONVERSION = YES;
				CLANG_WARN_COMMA = YES;
				CLANG_WARN_CONSTANT_CONVERSION = YES;
				CLANG_WARN_DEPRECATED_OBJC_IMPLEMENTATIONS = YES;
				CLANG_WARN_DIRECT_OBJC_ISA_USAGE = YES_ERROR;
				CLANG_WARN_DOCUMENTATION_COMMENTS = YES;
				CLANG_WARN_EMPTY_BODY = YES;
				CLANG_WARN_ENUM_CONVERSION = YES;
				CLANG_WARN_INFINITE_RECURSION = YES;
				CLANG_WARN_INT_CONVERSION = YES;
				CLANG_WARN_NON_LITERAL_NULL_CONVERSION = YES;
				CLANG_WARN_OBJC_IMPLICIT_RETAIN_SELF = YES;
				CLANG_WARN_OBJC_LITERAL_CONVERSION = YES;
				CLANG_WARN_OBJC_ROOT_CLASS = YES_ERROR;
				CLANG_WARN_QUOTED_INCLUDE_IN_FRAMEWORK_HEADER = YES;
				CLANG_WARN_RANGE_LOOP_ANALYSIS = YES;
				CLANG_WARN_STRICT_PROTOTYPES = YES;
				CLANG_WARN_SUSPICIOUS_MOVE = YES;
				CLANG_WARN_UNGUARDED_AVAILABILITY = YES_AGGRESSIVE;
				CLANG_WARN_UNREACHABLE_CODE = YES;
				CLANG_WARN__DUPLICATE_METHOD_MATCH = YES;
				COPY_PHASE_STRIP = NO;
				DEBUG_INFORMATION_FORMAT = dwarf;
				ENABLE_STRICT_OBJC_MSGSEND = YES;
				ENABLE_TESTABILITY = YES;
				GCC_C_LANGUAGE_STANDARD = gnu11;
				GCC_DYNAMIC_NO_PIC = NO;
				GCC_NO_COMMON_BLOCKS = YES;
				GCC_OPTIMIZATION_LEVEL = 0;
				GCC_PREPROCESSOR_DEFINITIONS = (
					"DEBUG=1",
					"$(inherited)",
				);
				GCC_WARN_64_TO_32_BIT_CONVERSION = YES;
				GCC_WARN_ABOUT_RETURN_TYPE = YES_ERROR;
				GCC_WARN_UNDECLARED_SELECTOR = YES;
				GCC_WARN_UNINITIALIZED_AUTOS = YES_AGGRESSIVE;
				GCC_WARN_UNUSED_FUNCTION = YES;
				GCC_WARN_UNUSED_VARIABLE = YES;
				MTL_ENABLE_DEBUG_INFO = INCLUDE_SOURCE;
				MTL_FAST_MATH = YES;
				ONLY_ACTIVE_ARCH = YES;
				SWIFT_ACTIVE_COMPILATION_CONDITIONS = DEBUG;
				SWIFT_OPTIMIZATION_LEVEL = "-Onone";
			};
			name = Debug;
		};
		49A8F8CB27D5D4AB00907E87 /* Release */ = {
			isa = XCBuildConfiguration;
			buildSettings = {
				ALWAYS_SEARCH_USER_PATHS = NO;
				CLANG_ANALYZER_NONNULL = YES;
				CLANG_ANALYZER_NUMBER_OBJECT_CONVERSION = YES_AGGRESSIVE;
				CLANG_CXX_LANGUAGE_STANDARD = "gnu++17";
				CLANG_CXX_LIBRARY = "libc++";
				CLANG_ENABLE_MODULES = YES;
				CLANG_ENABLE_OBJC_ARC = YES;
				CLANG_ENABLE_OBJC_WEAK = YES;
				CLANG_WARN_BLOCK_CAPTURE_AUTORELEASING = YES;
				CLANG_WARN_BOOL_CONVERSION = YES;
				CLANG_WARN_COMMA = YES;
				CLANG_WARN_CONSTANT_CONVERSION = YES;
				CLANG_WARN_DEPRECATED_OBJC_IMPLEMENTATIONS = YES;
				CLANG_WARN_DIRECT_OBJC_ISA_USAGE = YES_ERROR;
				CLANG_WARN_DOCUMENTATION_COMMENTS = YES;
				CLANG_WARN_EMPTY_BODY = YES;
				CLANG_WARN_ENUM_CONVERSION = YES;
				CLANG_WARN_INFINITE_RECURSION = YES;
				CLANG_WARN_INT_CONVERSION = YES;
				CLANG_WARN_NON_LITERAL_NULL_CONVERSION = YES;
				CLANG_WARN_OBJC_IMPLICIT_RETAIN_SELF = YES;
				CLANG_WARN_OBJC_LITERAL_CONVERSION = YES;
				CLANG_WARN_OBJC_ROOT_CLASS = YES_ERROR;
				CLANG_WARN_QUOTED_INCLUDE_IN_FRAMEWORK_HEADER = YES;
				CLANG_WARN_RANGE_LOOP_ANALYSIS = YES;
				CLANG_WARN_STRICT_PROTOTYPES = YES;
				CLANG_WARN_SUSPICIOUS_MOVE = YES;
				CLANG_WARN_UNGUARDED_AVAILABILITY = YES_AGGRESSIVE;
				CLANG_WARN_UNREACHABLE_CODE = YES;
				CLANG_WARN__DUPLICATE_METHOD_MATCH = YES;
				COPY_PHASE_STRIP = NO;
				DEBUG_INFORMATION_FORMAT = "dwarf-with-dsym";
				ENABLE_NS_ASSERTIONS = NO;
				ENABLE_STRICT_OBJC_MSGSEND = YES;
				GCC_C_LANGUAGE_STANDARD = gnu11;
				GCC_NO_COMMON_BLOCKS = YES;
				GCC_WARN_64_TO_32_BIT_CONVERSION = YES;
				GCC_WARN_ABOUT_RETURN_TYPE = YES_ERROR;
				GCC_WARN_UNDECLARED_SELECTOR = YES;
				GCC_WARN_UNINITIALIZED_AUTOS = YES_AGGRESSIVE;
				GCC_WARN_UNUSED_FUNCTION = YES;
				GCC_WARN_UNUSED_VARIABLE = YES;
				MTL_ENABLE_DEBUG_INFO = NO;
				MTL_FAST_MATH = YES;
				SWIFT_COMPILATION_MODE = wholemodule;
				SWIFT_OPTIMIZATION_LEVEL = "-O";
			};
			name = Release;
		};
		49A8F8CD27D5D4AB00907E87 /* Debug */ = {
			isa = XCBuildConfiguration;
			buildSettings = {
				ASSETCATALOG_COMPILER_APPICON_NAME = AppIcon;
				ASSETCATALOG_COMPILER_GLOBAL_ACCENT_COLOR_NAME = AccentColor;
				CODE_SIGN_STYLE = Automatic;
				CURRENT_PROJECT_VERSION = 1;
				DEVELOPMENT_TEAM = 6WTD6KAA94;
				ENABLE_PREVIEWS = YES;
				GENERATE_INFOPLIST_FILE = YES;
				INFOPLIST_KEY_UIApplicationSceneManifest_Generation = YES;
				INFOPLIST_KEY_UIApplicationSupportsIndirectInputEvents = YES;
				INFOPLIST_KEY_UILaunchScreen_Generation = YES;
				INFOPLIST_KEY_UISupportedInterfaceOrientations_iPad = "UIInterfaceOrientationPortrait UIInterfaceOrientationPortraitUpsideDown UIInterfaceOrientationLandscapeLeft UIInterfaceOrientationLandscapeRight";
				INFOPLIST_KEY_UISupportedInterfaceOrientations_iPhone = "UIInterfaceOrientationPortrait UIInterfaceOrientationLandscapeLeft UIInterfaceOrientationLandscapeRight";
				IPHONEOS_DEPLOYMENT_TARGET = 15.2;
				LD_RUNPATH_SEARCH_PATHS = (
					"$(inherited)",
					"@executable_path/Frameworks",
				);
				MARKETING_VERSION = 1.0;
				PRODUCT_BUNDLE_IDENTIFIER = com.FarukEfeYencilek.ComputerScienceQuiz;
				PRODUCT_NAME = ComputerScienceQuiz;
				SDKROOT = iphoneos;
				SWIFT_EMIT_LOC_STRINGS = YES;
				SWIFT_VERSION = 5.0;
				TARGETED_DEVICE_FAMILY = "1,2";
			};
			name = Debug;
		};
		49A8F8CE27D5D4AB00907E87 /* Release */ = {
			isa = XCBuildConfiguration;
			buildSettings = {
				ASSETCATALOG_COMPILER_APPICON_NAME = AppIcon;
				ASSETCATALOG_COMPILER_GLOBAL_ACCENT_COLOR_NAME = AccentColor;
				CODE_SIGN_STYLE = Automatic;
				CURRENT_PROJECT_VERSION = 1;
				DEVELOPMENT_TEAM = 6WTD6KAA94;
				ENABLE_PREVIEWS = YES;
				GENERATE_INFOPLIST_FILE = YES;
				INFOPLIST_KEY_UIApplicationSceneManifest_Generation = YES;
				INFOPLIST_KEY_UIApplicationSupportsIndirectInputEvents = YES;
				INFOPLIST_KEY_UILaunchScreen_Generation = YES;
				INFOPLIST_KEY_UISupportedInterfaceOrientations_iPad = "UIInterfaceOrientationPortrait UIInterfaceOrientationPortraitUpsideDown UIInterfaceOrientationLandscapeLeft UIInterfaceOrientationLandscapeRight";
				INFOPLIST_KEY_UISupportedInterfaceOrientations_iPhone = "UIInterfaceOrientationPortrait UIInterfaceOrientationLandscapeLeft UIInterfaceOrientationLandscapeRight";
				IPHONEOS_DEPLOYMENT_TARGET = 15.2;
				LD_RUNPATH_SEARCH_PATHS = (
					"$(inherited)",
					"@executable_path/Frameworks",
				);
				MARKETING_VERSION = 1.0;
				PRODUCT_BUNDLE_IDENTIFIER = com.FarukEfeYencilek.ComputerScienceQuiz;
				PRODUCT_NAME = ComputerScienceQuiz;
				SDKROOT = iphoneos;
				SWIFT_EMIT_LOC_STRINGS = YES;
				SWIFT_VERSION = 5.0;
				TARGETED_DEVICE_FAMILY = "1,2";
				VALIDATE_PRODUCT = YES;
			};
			name = Release;
		};
		49A8F8D027D5D4AB00907E87 /* Debug */ = {
			isa = XCBuildConfiguration;
			buildSettings = {
				ASSETCATALOG_COMPILER_APPICON_NAME = AppIcon;
				ASSETCATALOG_COMPILER_GLOBAL_ACCENT_COLOR_NAME = AccentColor;
				CODE_SIGN_ENTITLEMENTS = macOS/macOS.entitlements;
				CODE_SIGN_STYLE = Automatic;
				COMBINE_HIDPI_IMAGES = YES;
				CURRENT_PROJECT_VERSION = 1;
				DEVELOPMENT_TEAM = 6WTD6KAA94;
				ENABLE_HARDENED_RUNTIME = YES;
				ENABLE_PREVIEWS = YES;
				GENERATE_INFOPLIST_FILE = YES;
				INFOPLIST_KEY_NSHumanReadableCopyright = "";
				LD_RUNPATH_SEARCH_PATHS = (
					"$(inherited)",
					"@executable_path/../Frameworks",
				);
				MACOSX_DEPLOYMENT_TARGET = 12.1;
				MARKETING_VERSION = 1.0;
				PRODUCT_BUNDLE_IDENTIFIER = com.FarukEfeYencilek.ComputerScienceQuiz;
				PRODUCT_NAME = ComputerScienceQuiz;
				SDKROOT = macosx;
				SWIFT_EMIT_LOC_STRINGS = YES;
				SWIFT_VERSION = 5.0;
			};
			name = Debug;
		};
		49A8F8D127D5D4AB00907E87 /* Release */ = {
			isa = XCBuildConfiguration;
			buildSettings = {
				ASSETCATALOG_COMPILER_APPICON_NAME = AppIcon;
				ASSETCATALOG_COMPILER_GLOBAL_ACCENT_COLOR_NAME = AccentColor;
				CODE_SIGN_ENTITLEMENTS = macOS/macOS.entitlements;
				CODE_SIGN_STYLE = Automatic;
				COMBINE_HIDPI_IMAGES = YES;
				CURRENT_PROJECT_VERSION = 1;
				DEVELOPMENT_TEAM = 6WTD6KAA94;
				ENABLE_HARDENED_RUNTIME = YES;
				ENABLE_PREVIEWS = YES;
				GENERATE_INFOPLIST_FILE = YES;
				INFOPLIST_KEY_NSHumanReadableCopyright = "";
				LD_RUNPATH_SEARCH_PATHS = (
					"$(inherited)",
					"@executable_path/../Frameworks",
				);
				MACOSX_DEPLOYMENT_TARGET = 12.1;
				MARKETING_VERSION = 1.0;
				PRODUCT_BUNDLE_IDENTIFIER = com.FarukEfeYencilek.ComputerScienceQuiz;
				PRODUCT_NAME = ComputerScienceQuiz;
				SDKROOT = macosx;
				SWIFT_EMIT_LOC_STRINGS = YES;
				SWIFT_VERSION = 5.0;
			};
			name = Release;
		};
/* End XCBuildConfiguration section */

/* Begin XCConfigurationList section */
		49A8F8B227D5D4A900907E87 /* Build configuration list for PBXProject "ComputerScienceQuiz" */ = {
			isa = XCConfigurationList;
			buildConfigurations = (
				49A8F8CA27D5D4AB00907E87 /* Debug */,
				49A8F8CB27D5D4AB00907E87 /* Release */,
			);
			defaultConfigurationIsVisible = 0;
			defaultConfigurationName = Release;
		};
		49A8F8CC27D5D4AB00907E87 /* Build configuration list for PBXNativeTarget "ComputerScienceQuiz (iOS)" */ = {
			isa = XCConfigurationList;
			buildConfigurations = (
				49A8F8CD27D5D4AB00907E87 /* Debug */,
				49A8F8CE27D5D4AB00907E87 /* Release */,
			);
			defaultConfigurationIsVisible = 0;
			defaultConfigurationName = Release;
		};
		49A8F8CF27D5D4AB00907E87 /* Build configuration list for PBXNativeTarget "ComputerScienceQuiz (macOS)" */ = {
			isa = XCConfigurationList;
			buildConfigurations = (
				49A8F8D027D5D4AB00907E87 /* Debug */,
				49A8F8D127D5D4AB00907E87 /* Release */,
			);
			defaultConfigurationIsVisible = 0;
			defaultConfigurationName = Release;
		};
/* End XCConfigurationList section */
	};
	rootObject = 49A8F8AF27D5D4A900907E87 /* Project object */;
}
